
Microsoft Visual Studio Solution File, Format Version 12.00
# Visual Studio Version 17
VisualStudioVersion = 17.1.32210.238
MinimumVisualStudioVersion = 10.0.40219.1
Project("{FAE04EC0-301F-11D3-BF4B-00C04F79EFBC}") = "WebAPIClient", "WebAPIClient.csproj", "{D45F3201-EEB8-4AEA-BA37-31F5D9F29CDC}"
EndProject
Global
	GlobalSection(SolutionConfigurationPlatforms) = preSolution
		Debug|Any CPU = Debug|Any CPU
		Release|Any CPU = Release|Any CPU
	EndGlobalSection
	GlobalSection(ProjectConfigurationPlatforms) = postSolution
		{D45F3201-EEB8-4AEA-BA37-31F5D9F29CDC}.Debug|Any CPU.ActiveCfg = Debug|Any CPU
		{D45F3201-EEB8-4AEA-BA37-31F5D9F29CDC}.Debug|Any CPU.Build.0 = Debug|Any CPU
		{D45F3201-EEB8-4AEA-BA37-31F5D9F29CDC}.Release|Any CPU.ActiveCfg = Release|Any CPU
		{D45F3201-EEB8-4AEA-BA37-31F5D9F29CDC}.Release|Any CPU.Build.0 = Release|Any CPU
	EndGlobalSection
	GlobalSection(SolutionProperties) = preSolution
		HideSolutionNode = FALSE
	EndGlobalSection
	GlobalSection(ExtensibilityGlobals) = postSolution
		SolutionGuid = {1A6A8F2F-792D-4339-ABFB-021A4779CB06}
	EndGlobalSection
EndGlobal
